dependencies:
- name: common
  repository: oci://registry.gitlab.com/wojoinc/helm-charts
  version: 0.4.2
- name: mysql
  repository: https://charts.bitnami.com/bitnami
  version: 9.23.0
digest: sha256:f7899bfbe9d33dfc5973962fad601c2c9c2427e14e5119eeaf88d9bc487f414a
generated: "2024-05-25T06:03:41.095522576Z"
