dependencies:
- name: common
  repository: oci://registry.gitlab.com/wojoinc/helm-charts
  version: 0.4.2
- name: mysql
  repository: https://charts.bitnami.com/bitnami
  version: 9.16.1
digest: sha256:1c85bd50ae70308aa2e74e5488c77a7a6e93db624db6dfbda75c546628f67b10
generated: "2024-05-16T14:54:33.688808629Z"
