dependencies:
- name: common
  repository: oci://registry.gitlab.com/wojoinc/helm-charts
  version: 0.4.2
- name: mysql
  repository: https://charts.bitnami.com/bitnami
  version: 14.0.3
digest: sha256:cb979971a793c9cb3983aed6862963e361a40a33b34fc0a3578f73a5e9b97642
generated: "2025-08-20T01:00:36.439579348Z"
