dependencies:
- name: common
  repository: oci://registry.gitlab.com/wojoinc/helm-charts
  version: 0.4.2
- name: postgresql
  repository: oci://registry-1.docker.io/bitnamicharts
  version: 18.1.9
digest: sha256:6e9034c13a40ce7b37bee1aa17ddf70dfd3948448893a829e7ec022893dd6f87
generated: "2025-11-15T07:01:04.456773648Z"
