dependencies:
- name: common
  repository: oci://registry.gitlab.com/wojoinc/helm-charts
  version: 0.4.2
- name: postgresql
  repository: oci://registry-1.docker.io/bitnamicharts
  version: 18.5.1
digest: sha256:73aa2525ca9ad893ed50795301a801d3eb76b0f789f6e79032bfe7e62ba44d07
generated: "2026-02-26T07:01:34.867753168Z"
