dependencies:
- name: common
  repository: oci://registry.gitlab.com/wojoinc/helm-charts
  version: 0.4.2
- name: postgresql
  repository: oci://registry-1.docker.io/bitnamicharts
  version: 18.4.0
digest: sha256:c9ab3f87640055952433ccbd93ed76251314ef97af1f81b11f79474c39a1c0aa
generated: "2026-02-19T07:01:38.589805535Z"
